
Microsoft Visual Studio Solution File, Format Version 12.00
# Visual Studio Version 17
VisualStudioVersion = 17.10.34916.146
MinimumVisualStudioVersion = 10.0.40219.1
Project("{FAE04EC0-301F-11D3-BF4B-00C04F79EFBC}") = "Mediator", "Mediator\Mediator.csproj", "{A03BFDFB-9E8B-47D4-9D79-06A1F7E0B0A6}"
EndProject
Global
	GlobalSection(SolutionConfigurationPlatforms) = preSolution
		Debug|Any CPU = Debug|Any CPU
		Release|Any CPU = Release|Any CPU
	EndGlobalSection
	GlobalSection(ProjectConfigurationPlatforms) = postSolution
		{A03BFDFB-9E8B-47D4-9D79-06A1F7E0B0A6}.Debug|Any CPU.ActiveCfg = Debug|Any CPU
		{A03BFDFB-9E8B-47D4-9D79-06A1F7E0B0A6}.Debug|Any CPU.Build.0 = Debug|Any CPU
		{A03BFDFB-9E8B-47D4-9D79-06A1F7E0B0A6}.Release|Any CPU.ActiveCfg = Release|Any CPU
		{A03BFDFB-9E8B-47D4-9D79-06A1F7E0B0A6}.Release|Any CPU.Build.0 = Release|Any CPU
	EndGlobalSection
	GlobalSection(SolutionProperties) = preSolution
		HideSolutionNode = FALSE
	EndGlobalSection
	GlobalSection(ExtensibilityGlobals) = postSolution
		SolutionGuid = {E4938EDA-738E-4E4D-AE66-891F66EDC43D}
	EndGlobalSection
EndGlobal
